{
  "name": "svelte-mqtt-protocol",
  "version": "1.0.0",
  "lockfileVersion": 1,
  "requires": true,
  "dependencies": {
    "esbuild": {
      "version": "0.9.0",
      "resolved": "https://registry.npmjs.org/esbuild/-/esbuild-0.9.0.tgz",
      "integrity": "sha512-IqYFO7ZKHf0y4uJpJfGqInmSRn8jMPMbyI1W0Y2PSjSjJcVP538tC8TleJAS4Y8QeqwajqBTwFKayWVzYlMIgg==",
      "dev": true
    },
    "esbuild-svelte": {
      "version": "0.4.3",
      "resolved": "https://registry.npmjs.org/esbuild-svelte/-/esbuild-svelte-0.4.3.tgz",
      "integrity": "sha512-XYSdgKCPLhWFCWxDVsjg9aHydWwCdaWDSEzx8PloB7fqHG3QGhU+qU8Y5P06cEtmz5N6CiK3b1RH6irYFIerUw==",
      "dev": true,
      "requires": {
        "svelte": "^3.35.0"
      }
    },
    "svelte": {
      "version": "3.35.0",
      "resolved": "https://registry.npmjs.org/svelte/-/svelte-3.35.0.tgz",
      "integrity": "sha512-gknlZkR2sXheu/X+B7dDImwANVvK1R0QGQLd8CNIfxxGPeXBmePnxfzb6fWwTQRsYQG7lYkZXvpXJvxvpsoB7g==",
      "dev": true
    }
  }
}
